
Microsoft Visual Studio Solution File, Format Version 12.00
# Visual Studio 14
VisualStudioVersion = 14.0.25420.1
MinimumVisualStudioVersion = 10.0.40219.1
Project("{8BC9CEB8-8B4A-11D0-8D11-00A0C91BC942}") = "EvolvedVirtualCreatures", "EvolvedVirtualCreatures\EvolvedVirtualCreatures.vcxproj", "{D3D3DD1B-9C2F-4A56-BA9F-44774D1CFAB6}"
EndProject
Project("{8BC9CEB8-8B4A-11D0-8D11-00A0C91BC942}") = "PxToolkit", "..\..\..\PhysX-3.3\PhysXSDK\Samples\PxToolkit\compiler\vc14win32\PxToolkit.vcxproj", "{AE26EE6F-9143-D9EE-6480-FA134AAAFC48}"
EndProject
Project("{8BC9CEB8-8B4A-11D0-8D11-00A0C91BC942}") = "SampleFramework-MT", "..\..\..\PhysX-3.3\PhysXSDK\Samples\SampleFramework\framework\compiler\vc14win32\SampleFramework-MT.vcxproj", "{DEB7F8C6-4512-D660-4816-212EF0806A58}"
EndProject
Project("{8BC9CEB8-8B4A-11D0-8D11-00A0C91BC942}") = "SamplePlatform-MT", "..\..\..\PhysX-3.3\PhysXSDK\Samples\SampleFramework\platform\compiler\vc14win32\SamplePlatform-MT.vcxproj", "{75A6206D-F123-AEE0-FF3D-386A62604731}"
EndProject
Project("{8BC9CEB8-8B4A-11D0-8D11-00A0C91BC942}") = "SampleRenderer-MT", "..\..\..\PhysX-3.3\PhysXSDK\Samples\SampleFramework\renderer\compiler\vc14win32\SampleRenderer-MT.vcxproj", "{67A61354-2C14-B851-8530-DDD43BDC1D9C}"
EndProject
Project("{8BC9CEB8-8B4A-11D0-8D11-00A0C91BC942}") = "SampleBase", "..\..\..\PhysX-3.3\PhysXSDK\Samples\compiler\vc14win32\SampleBase.vcxproj", "{DD323D8B-0B68-74C5-043C-91BBE6A810A7}"
EndProject
Project("{8BC9CEB8-8B4A-11D0-8D11-00A0C91BC942}") = "Common", "..\..\..\Common\Common\Common.vcxproj", "{EF9CA22D-0C8F-42E9-AB66-98BC1A640F10}"
EndProject
Project("{8BC9CEB8-8B4A-11D0-8D11-00A0C91BC942}") = "Examples", "Examples\Examples.vcxproj", "{FE5629CB-5385-45E7-A79E-09484B4C93F4}"
EndProject
Global
	GlobalSection(SolutionConfigurationPlatforms) = preSolution
		checked|x64 = checked|x64
		checked|x86 = checked|x86
		Debug_DLL|x64 = Debug_DLL|x64
		Debug_DLL|x86 = Debug_DLL|x86
		Debug|x64 = Debug|x64
		Debug|x86 = Debug|x86
		profile|x64 = profile|x64
		profile|x86 = profile|x86
		Release_DLL|x64 = Release_DLL|x64
		Release_DLL|x86 = Release_DLL|x86
		Release|x64 = Release|x64
		Release|x86 = Release|x86
	EndGlobalSection
	GlobalSection(ProjectConfigurationPlatforms) = postSolution
		{D3D3DD1B-9C2F-4A56-BA9F-44774D1CFAB6}.checked|x64.ActiveCfg = Release|x64
		{D3D3DD1B-9C2F-4A56-BA9F-44774D1CFAB6}.checked|x64.Build.0 = Release|x64
		{D3D3DD1B-9C2F-4A56-BA9F-44774D1CFAB6}.checked|x86.ActiveCfg = Release|Win32
		{D3D3DD1B-9C2F-4A56-BA9F-44774D1CFAB6}.checked|x86.Build.0 = Release|Win32
		{D3D3DD1B-9C2F-4A56-BA9F-44774D1CFAB6}.Debug_DLL|x64.ActiveCfg = Debug|x64
		{D3D3DD1B-9C2F-4A56-BA9F-44774D1CFAB6}.Debug_DLL|x64.Build.0 = Debug|x64
		{D3D3DD1B-9C2F-4A56-BA9F-44774D1CFAB6}.Debug_DLL|x86.ActiveCfg = Debug|Win32
		{D3D3DD1B-9C2F-4A56-BA9F-44774D1CFAB6}.Debug_DLL|x86.Build.0 = Debug|Win32
		{D3D3DD1B-9C2F-4A56-BA9F-44774D1CFAB6}.Debug|x64.ActiveCfg = Debug|x64
		{D3D3DD1B-9C2F-4A56-BA9F-44774D1CFAB6}.Debug|x64.Build.0 = Debug|x64
		{D3D3DD1B-9C2F-4A56-BA9F-44774D1CFAB6}.Debug|x86.ActiveCfg = Debug|Win32
		{D3D3DD1B-9C2F-4A56-BA9F-44774D1CFAB6}.Debug|x86.Build.0 = Debug|Win32
		{D3D3DD1B-9C2F-4A56-BA9F-44774D1CFAB6}.profile|x64.ActiveCfg = Release|x64
		{D3D3DD1B-9C2F-4A56-BA9F-44774D1CFAB6}.profile|x64.Build.0 = Release|x64
		{D3D3DD1B-9C2F-4A56-BA9F-44774D1CFAB6}.profile|x86.ActiveCfg = Release|Win32
		{D3D3DD1B-9C2F-4A56-BA9F-44774D1CFAB6}.profile|x86.Build.0 = Release|Win32
		{D3D3DD1B-9C2F-4A56-BA9F-44774D1CFAB6}.Release_DLL|x64.ActiveCfg = Release|x64
		{D3D3DD1B-9C2F-4A56-BA9F-44774D1CFAB6}.Release_DLL|x64.Build.0 = Release|x64
		{D3D3DD1B-9C2F-4A56-BA9F-44774D1CFAB6}.Release_DLL|x86.ActiveCfg = Release|Win32
		{D3D3DD1B-9C2F-4A56-BA9F-44774D1CFAB6}.Release_DLL|x86.Build.0 = Release|Win32
		{D3D3DD1B-9C2F-4A56-BA9F-44774D1CFAB6}.Release|x64.ActiveCfg = Release|x64
		{D3D3DD1B-9C2F-4A56-BA9F-44774D1CFAB6}.Release|x64.Build.0 = Release|x64
		{D3D3DD1B-9C2F-4A56-BA9F-44774D1CFAB6}.Release|x86.ActiveCfg = Release|Win32
		{D3D3DD1B-9C2F-4A56-BA9F-44774D1CFAB6}.Release|x86.Build.0 = Release|Win32
		{AE26EE6F-9143-D9EE-6480-FA134AAAFC48}.checked|x64.ActiveCfg = checked|Win32
		{AE26EE6F-9143-D9EE-6480-FA134AAAFC48}.checked|x86.ActiveCfg = checked|Win32
		{AE26EE6F-9143-D9EE-6480-FA134AAAFC48}.checked|x86.Build.0 = checked|Win32
		{AE26EE6F-9143-D9EE-6480-FA134AAAFC48}.Debug_DLL|x64.ActiveCfg = checked|Win32
		{AE26EE6F-9143-D9EE-6480-FA134AAAFC48}.Debug_DLL|x64.Build.0 = checked|Win32
		{AE26EE6F-9143-D9EE-6480-FA134AAAFC48}.Debug_DLL|x86.ActiveCfg = debug|Win32
		{AE26EE6F-9143-D9EE-6480-FA134AAAFC48}.Debug_DLL|x86.Build.0 = debug|Win32
		{AE26EE6F-9143-D9EE-6480-FA134AAAFC48}.Debug|x64.ActiveCfg = debug|Win32
		{AE26EE6F-9143-D9EE-6480-FA134AAAFC48}.Debug|x86.ActiveCfg = debug|Win32
		{AE26EE6F-9143-D9EE-6480-FA134AAAFC48}.Debug|x86.Build.0 = debug|Win32
		{AE26EE6F-9143-D9EE-6480-FA134AAAFC48}.profile|x64.ActiveCfg = profile|Win32
		{AE26EE6F-9143-D9EE-6480-FA134AAAFC48}.profile|x86.ActiveCfg = profile|Win32
		{AE26EE6F-9143-D9EE-6480-FA134AAAFC48}.profile|x86.Build.0 = profile|Win32
		{AE26EE6F-9143-D9EE-6480-FA134AAAFC48}.Release_DLL|x64.ActiveCfg = checked|Win32
		{AE26EE6F-9143-D9EE-6480-FA134AAAFC48}.Release_DLL|x64.Build.0 = checked|Win32
		{AE26EE6F-9143-D9EE-6480-FA134AAAFC48}.Release_DLL|x86.ActiveCfg = release|Win32
		{AE26EE6F-9143-D9EE-6480-FA134AAAFC48}.Release_DLL|x86.Build.0 = release|Win32
		{AE26EE6F-9143-D9EE-6480-FA134AAAFC48}.Release|x64.ActiveCfg = release|Win32
		{AE26EE6F-9143-D9EE-6480-FA134AAAFC48}.Release|x86.ActiveCfg = release|Win32
		{AE26EE6F-9143-D9EE-6480-FA134AAAFC48}.Release|x86.Build.0 = release|Win32
		{DEB7F8C6-4512-D660-4816-212EF0806A58}.checked|x64.ActiveCfg = checked|Win32
		{DEB7F8C6-4512-D660-4816-212EF0806A58}.checked|x86.ActiveCfg = checked|Win32
		{DEB7F8C6-4512-D660-4816-212EF0806A58}.checked|x86.Build.0 = checked|Win32
		{DEB7F8C6-4512-D660-4816-212EF0806A58}.Debug_DLL|x64.ActiveCfg = checked|Win32
		{DEB7F8C6-4512-D660-4816-212EF0806A58}.Debug_DLL|x64.Build.0 = checked|Win32
		{DEB7F8C6-4512-D660-4816-212EF0806A58}.Debug_DLL|x86.ActiveCfg = debug|Win32
		{DEB7F8C6-4512-D660-4816-212EF0806A58}.Debug_DLL|x86.Build.0 = debug|Win32
		{DEB7F8C6-4512-D660-4816-212EF0806A58}.Debug|x64.ActiveCfg = debug|Win32
		{DEB7F8C6-4512-D660-4816-212EF0806A58}.Debug|x86.ActiveCfg = debug|Win32
		{DEB7F8C6-4512-D660-4816-212EF0806A58}.Debug|x86.Build.0 = debug|Win32
		{DEB7F8C6-4512-D660-4816-212EF0806A58}.profile|x64.ActiveCfg = profile|Win32
		{DEB7F8C6-4512-D660-4816-212EF0806A58}.profile|x86.ActiveCfg = profile|Win32
		{DEB7F8C6-4512-D660-4816-212EF0806A58}.profile|x86.Build.0 = profile|Win32
		{DEB7F8C6-4512-D660-4816-212EF0806A58}.Release_DLL|x64.ActiveCfg = checked|Win32
		{DEB7F8C6-4512-D660-4816-212EF0806A58}.Release_DLL|x64.Build.0 = checked|Win32
		{DEB7F8C6-4512-D660-4816-212EF0806A58}.Release_DLL|x86.ActiveCfg = release|Win32
		{DEB7F8C6-4512-D660-4816-212EF0806A58}.Release_DLL|x86.Build.0 = release|Win32
		{DEB7F8C6-4512-D660-4816-212EF0806A58}.Release|x64.ActiveCfg = release|Win32
		{DEB7F8C6-4512-D660-4816-212EF0806A58}.Release|x86.ActiveCfg = release|Win32
		{DEB7F8C6-4512-D660-4816-212EF0806A58}.Release|x86.Build.0 = release|Win32
		{75A6206D-F123-AEE0-FF3D-386A62604731}.checked|x64.ActiveCfg = checked|Win32
		{75A6206D-F123-AEE0-FF3D-386A62604731}.checked|x86.ActiveCfg = checked|Win32
		{75A6206D-F123-AEE0-FF3D-386A62604731}.checked|x86.Build.0 = checked|Win32
		{75A6206D-F123-AEE0-FF3D-386A62604731}.Debug_DLL|x64.ActiveCfg = checked|Win32
		{75A6206D-F123-AEE0-FF3D-386A62604731}.Debug_DLL|x64.Build.0 = checked|Win32
		{75A6206D-F123-AEE0-FF3D-386A62604731}.Debug_DLL|x86.ActiveCfg = debug|Win32
		{75A6206D-F123-AEE0-FF3D-386A62604731}.Debug_DLL|x86.Build.0 = debug|Win32
		{75A6206D-F123-AEE0-FF3D-386A62604731}.Debug|x64.ActiveCfg = debug|Win32
		{75A6206D-F123-AEE0-FF3D-386A62604731}.Debug|x86.ActiveCfg = debug|Win32
		{75A6206D-F123-AEE0-FF3D-386A62604731}.Debug|x86.Build.0 = debug|Win32
		{75A6206D-F123-AEE0-FF3D-386A62604731}.profile|x64.ActiveCfg = profile|Win32
		{75A6206D-F123-AEE0-FF3D-386A62604731}.profile|x86.ActiveCfg = profile|Win32
		{75A6206D-F123-AEE0-FF3D-386A62604731}.profile|x86.Build.0 = profile|Win32
		{75A6206D-F123-AEE0-FF3D-386A62604731}.Release_DLL|x64.ActiveCfg = checked|Win32
		{75A6206D-F123-AEE0-FF3D-386A62604731}.Release_DLL|x64.Build.0 = checked|Win32
		{75A6206D-F123-AEE0-FF3D-386A62604731}.Release_DLL|x86.ActiveCfg = release|Win32
		{75A6206D-F123-AEE0-FF3D-386A62604731}.Release_DLL|x86.Build.0 = release|Win32
		{75A6206D-F123-AEE0-FF3D-386A62604731}.Release|x64.ActiveCfg = release|Win32
		{75A6206D-F123-AEE0-FF3D-386A62604731}.Release|x86.ActiveCfg = release|Win32
		{75A6206D-F123-AEE0-FF3D-386A62604731}.Release|x86.Build.0 = release|Win32
		{67A61354-2C14-B851-8530-DDD43BDC1D9C}.checked|x64.ActiveCfg = checked|Win32
		{67A61354-2C14-B851-8530-DDD43BDC1D9C}.checked|x86.ActiveCfg = checked|Win32
		{67A61354-2C14-B851-8530-DDD43BDC1D9C}.checked|x86.Build.0 = checked|Win32
		{67A61354-2C14-B851-8530-DDD43BDC1D9C}.Debug_DLL|x64.ActiveCfg = checked|Win32
		{67A61354-2C14-B851-8530-DDD43BDC1D9C}.Debug_DLL|x64.Build.0 = checked|Win32
		{67A61354-2C14-B851-8530-DDD43BDC1D9C}.Debug_DLL|x86.ActiveCfg = debug|Win32
		{67A61354-2C14-B851-8530-DDD43BDC1D9C}.Debug_DLL|x86.Build.0 = debug|Win32
		{67A61354-2C14-B851-8530-DDD43BDC1D9C}.Debug|x64.ActiveCfg = debug|Win32
		{67A61354-2C14-B851-8530-DDD43BDC1D9C}.Debug|x86.ActiveCfg = debug|Win32
		{67A61354-2C14-B851-8530-DDD43BDC1D9C}.Debug|x86.Build.0 = debug|Win32
		{67A61354-2C14-B851-8530-DDD43BDC1D9C}.profile|x64.ActiveCfg = profile|Win32
		{67A61354-2C14-B851-8530-DDD43BDC1D9C}.profile|x86.ActiveCfg = profile|Win32
		{67A61354-2C14-B851-8530-DDD43BDC1D9C}.profile|x86.Build.0 = profile|Win32
		{67A61354-2C14-B851-8530-DDD43BDC1D9C}.Release_DLL|x64.ActiveCfg = checked|Win32
		{67A61354-2C14-B851-8530-DDD43BDC1D9C}.Release_DLL|x64.Build.0 = checked|Win32
		{67A61354-2C14-B851-8530-DDD43BDC1D9C}.Release_DLL|x86.ActiveCfg = release|Win32
		{67A61354-2C14-B851-8530-DDD43BDC1D9C}.Release_DLL|x86.Build.0 = release|Win32
		{67A61354-2C14-B851-8530-DDD43BDC1D9C}.Release|x64.ActiveCfg = release|Win32
		{67A61354-2C14-B851-8530-DDD43BDC1D9C}.Release|x86.ActiveCfg = release|Win32
		{67A61354-2C14-B851-8530-DDD43BDC1D9C}.Release|x86.Build.0 = release|Win32
		{DD323D8B-0B68-74C5-043C-91BBE6A810A7}.checked|x64.ActiveCfg = checked|Win32
		{DD323D8B-0B68-74C5-043C-91BBE6A810A7}.checked|x86.ActiveCfg = checked|Win32
		{DD323D8B-0B68-74C5-043C-91BBE6A810A7}.checked|x86.Build.0 = checked|Win32
		{DD323D8B-0B68-74C5-043C-91BBE6A810A7}.Debug_DLL|x64.ActiveCfg = checked|Win32
		{DD323D8B-0B68-74C5-043C-91BBE6A810A7}.Debug_DLL|x64.Build.0 = checked|Win32
		{DD323D8B-0B68-74C5-043C-91BBE6A810A7}.Debug_DLL|x86.ActiveCfg = debug|Win32
		{DD323D8B-0B68-74C5-043C-91BBE6A810A7}.Debug_DLL|x86.Build.0 = debug|Win32
		{DD323D8B-0B68-74C5-043C-91BBE6A810A7}.Debug|x64.ActiveCfg = debug|Win32
		{DD323D8B-0B68-74C5-043C-91BBE6A810A7}.Debug|x86.ActiveCfg = debug|Win32
		{DD323D8B-0B68-74C5-043C-91BBE6A810A7}.Debug|x86.Build.0 = debug|Win32
		{DD323D8B-0B68-74C5-043C-91BBE6A810A7}.profile|x64.ActiveCfg = profile|Win32
		{DD323D8B-0B68-74C5-043C-91BBE6A810A7}.profile|x86.ActiveCfg = profile|Win32
		{DD323D8B-0B68-74C5-043C-91BBE6A810A7}.profile|x86.Build.0 = profile|Win32
		{DD323D8B-0B68-74C5-043C-91BBE6A810A7}.Release_DLL|x64.ActiveCfg = checked|Win32
		{DD323D8B-0B68-74C5-043C-91BBE6A810A7}.Release_DLL|x64.Build.0 = checked|Win32
		{DD323D8B-0B68-74C5-043C-91BBE6A810A7}.Release_DLL|x86.ActiveCfg = release|Win32
		{DD323D8B-0B68-74C5-043C-91BBE6A810A7}.Release_DLL|x86.Build.0 = release|Win32
		{DD323D8B-0B68-74C5-043C-91BBE6A810A7}.Release|x64.ActiveCfg = release|Win32
		{DD323D8B-0B68-74C5-043C-91BBE6A810A7}.Release|x86.ActiveCfg = release|Win32
		{DD323D8B-0B68-74C5-043C-91BBE6A810A7}.Release|x86.Build.0 = release|Win32
		{EF9CA22D-0C8F-42E9-AB66-98BC1A640F10}.checked|x64.ActiveCfg = Release|x64
		{EF9CA22D-0C8F-42E9-AB66-98BC1A640F10}.checked|x64.Build.0 = Release|x64
		{EF9CA22D-0C8F-42E9-AB66-98BC1A640F10}.checked|x86.ActiveCfg = Release|Win32
		{EF9CA22D-0C8F-42E9-AB66-98BC1A640F10}.checked|x86.Build.0 = Release|Win32
		{EF9CA22D-0C8F-42E9-AB66-98BC1A640F10}.Debug_DLL|x64.ActiveCfg = Debug_DLL|x64
		{EF9CA22D-0C8F-42E9-AB66-98BC1A640F10}.Debug_DLL|x64.Build.0 = Debug_DLL|x64
		{EF9CA22D-0C8F-42E9-AB66-98BC1A640F10}.Debug_DLL|x86.ActiveCfg = Debug_DLL|Win32
		{EF9CA22D-0C8F-42E9-AB66-98BC1A640F10}.Debug_DLL|x86.Build.0 = Debug_DLL|Win32
		{EF9CA22D-0C8F-42E9-AB66-98BC1A640F10}.Debug|x64.ActiveCfg = Debug|x64
		{EF9CA22D-0C8F-42E9-AB66-98BC1A640F10}.Debug|x64.Build.0 = Debug|x64
		{EF9CA22D-0C8F-42E9-AB66-98BC1A640F10}.Debug|x86.ActiveCfg = Debug|Win32
		{EF9CA22D-0C8F-42E9-AB66-98BC1A640F10}.Debug|x86.Build.0 = Debug|Win32
		{EF9CA22D-0C8F-42E9-AB66-98BC1A640F10}.profile|x64.ActiveCfg = Release|x64
		{EF9CA22D-0C8F-42E9-AB66-98BC1A640F10}.profile|x64.Build.0 = Release|x64
		{EF9CA22D-0C8F-42E9-AB66-98BC1A640F10}.profile|x86.ActiveCfg = Release|Win32
		{EF9CA22D-0C8F-42E9-AB66-98BC1A640F10}.profile|x86.Build.0 = Release|Win32
		{EF9CA22D-0C8F-42E9-AB66-98BC1A640F10}.Release_DLL|x64.ActiveCfg = Release_DLL|x64
		{EF9CA22D-0C8F-42E9-AB66-98BC1A640F10}.Release_DLL|x64.Build.0 = Release_DLL|x64
		{EF9CA22D-0C8F-42E9-AB66-98BC1A640F10}.Release_DLL|x86.ActiveCfg = Release_DLL|Win32
		{EF9CA22D-0C8F-42E9-AB66-98BC1A640F10}.Release_DLL|x86.Build.0 = Release_DLL|Win32
		{EF9CA22D-0C8F-42E9-AB66-98BC1A640F10}.Release|x64.ActiveCfg = Release|x64
		{EF9CA22D-0C8F-42E9-AB66-98BC1A640F10}.Release|x64.Build.0 = Release|x64
		{EF9CA22D-0C8F-42E9-AB66-98BC1A640F10}.Release|x86.ActiveCfg = Release|Win32
		{EF9CA22D-0C8F-42E9-AB66-98BC1A640F10}.Release|x86.Build.0 = Release|Win32
		{FE5629CB-5385-45E7-A79E-09484B4C93F4}.checked|x64.ActiveCfg = Release|x64
		{FE5629CB-5385-45E7-A79E-09484B4C93F4}.checked|x64.Build.0 = Release|x64
		{FE5629CB-5385-45E7-A79E-09484B4C93F4}.checked|x86.ActiveCfg = Release|Win32
		{FE5629CB-5385-45E7-A79E-09484B4C93F4}.checked|x86.Build.0 = Release|Win32
		{FE5629CB-5385-45E7-A79E-09484B4C93F4}.Debug_DLL|x64.ActiveCfg = Debug|x64
		{FE5629CB-5385-45E7-A79E-09484B4C93F4}.Debug_DLL|x64.Build.0 = Debug|x64
		{FE5629CB-5385-45E7-A79E-09484B4C93F4}.Debug_DLL|x86.ActiveCfg = Debug|Win32
		{FE5629CB-5385-45E7-A79E-09484B4C93F4}.Debug_DLL|x86.Build.0 = Debug|Win32
		{FE5629CB-5385-45E7-A79E-09484B4C93F4}.Debug|x64.ActiveCfg = Debug|x64
		{FE5629CB-5385-45E7-A79E-09484B4C93F4}.Debug|x64.Build.0 = Debug|x64
		{FE5629CB-5385-45E7-A79E-09484B4C93F4}.Debug|x86.ActiveCfg = Debug|Win32
		{FE5629CB-5385-45E7-A79E-09484B4C93F4}.Debug|x86.Build.0 = Debug|Win32
		{FE5629CB-5385-45E7-A79E-09484B4C93F4}.profile|x64.ActiveCfg = Release|x64
		{FE5629CB-5385-45E7-A79E-09484B4C93F4}.profile|x64.Build.0 = Release|x64
		{FE5629CB-5385-45E7-A79E-09484B4C93F4}.profile|x86.ActiveCfg = Release|Win32
		{FE5629CB-5385-45E7-A79E-09484B4C93F4}.profile|x86.Build.0 = Release|Win32
		{FE5629CB-5385-45E7-A79E-09484B4C93F4}.Release_DLL|x64.ActiveCfg = Release|x64
		{FE5629CB-5385-45E7-A79E-09484B4C93F4}.Release_DLL|x64.Build.0 = Release|x64
		{FE5629CB-5385-45E7-A79E-09484B4C93F4}.Release_DLL|x86.ActiveCfg = Release|Win32
		{FE5629CB-5385-45E7-A79E-09484B4C93F4}.Release_DLL|x86.Build.0 = Release|Win32
		{FE5629CB-5385-45E7-A79E-09484B4C93F4}.Release|x64.ActiveCfg = Release|x64
		{FE5629CB-5385-45E7-A79E-09484B4C93F4}.Release|x64.Build.0 = Release|x64
		{FE5629CB-5385-45E7-A79E-09484B4C93F4}.Release|x86.ActiveCfg = Release|Win32
		{FE5629CB-5385-45E7-A79E-09484B4C93F4}.Release|x86.Build.0 = Release|Win32
	EndGlobalSection
	GlobalSection(SolutionProperties) = preSolution
		HideSolutionNode = FALSE
	EndGlobalSection
EndGlobal
